
Microsoft Visual Studio Solution File, Format Version 12.00
# Visual Studio Version 16
VisualStudioVersion = 16.0.29806.167
MinimumVisualStudioVersion = 10.0.40219.1
Project("{8BC9CEB8-8B4A-11D0-8D11-00A0C91BC942}") = "HelloTriangle", "HelloTrangle\HelloTrangle.vcxproj", "{8973F123-A5A0-431D-ADEC-EB3A27A66E2F}"
EndProject
Project("{8BC9CEB8-8B4A-11D0-8D11-00A0C91BC942}") = "TriangleWork", "TriangleWork\TriangleWork.vcxproj", "{654785C2-5B8B-4B2C-8FBC-625BBCF9CBAC}"
EndProject
Project("{8BC9CEB8-8B4A-11D0-8D11-00A0C91BC942}") = "光照", "颜色\颜色.vcxproj", "{28751476-43B3-40C3-B00F-01A80A843B72}"
EndProject
Project("{8BC9CEB8-8B4A-11D0-8D11-00A0C91BC942}") = "模型a实例化大量物体", "模型\模型.vcxproj", "{6D2F61E3-DFA3-4317-A4C3-79DC466E5271}"
EndProject
Project("{8BC9CEB8-8B4A-11D0-8D11-00A0C91BC942}") = "透明物体a帧缓冲后处理", "Project3\Project3.vcxproj", "{CE5ADAC9-7D99-4E1B-96BC-313907FD73DF}"
EndProject
Project("{8BC9CEB8-8B4A-11D0-8D11-00A0C91BC942}") = "天空盒a反射折射", "天空盒\天空盒.vcxproj", "{6ADDB936-8322-4D25-8CE4-98F04E1EE26D}"
EndProject
Project("{8BC9CEB8-8B4A-11D0-8D11-00A0C91BC942}") = "几何着色器", "几何着色器\几何着色器.vcxproj", "{523BC762-3D85-4D7B-B21A-ACA6BD5BBCFF}"
EndProject
Project("{8BC9CEB8-8B4A-11D0-8D11-00A0C91BC942}") = "阴影-定向光", "阴影\阴影.vcxproj", "{41F004AB-1E03-40DB-8EA9-44ED30A20C77}"
EndProject
Project("{8BC9CEB8-8B4A-11D0-8D11-00A0C91BC942}") = "阴影-点光源", "阴影-点光源\阴影-点光源.vcxproj", "{9F5DE04F-50BE-431D-A705-D186C00F8AF0}"
EndProject
Project("{8BC9CEB8-8B4A-11D0-8D11-00A0C91BC942}") = "法线贴图", "法线贴图\法线贴图.vcxproj", "{10A70C73-B161-4312-B608-61B990A8D962}"
EndProject
Project("{8BC9CEB8-8B4A-11D0-8D11-00A0C91BC942}") = "视差贴图", "视差贴图\视差贴图.vcxproj", "{63E00D8D-A5C0-421F-8DC1-BD06D47185CC}"
EndProject
Project("{8BC9CEB8-8B4A-11D0-8D11-00A0C91BC942}") = "泛光", "泛光\泛光.vcxproj", "{B716D26F-26AB-46D8-88A8-4C97DA6CFE44}"
EndProject
Project("{8BC9CEB8-8B4A-11D0-8D11-00A0C91BC942}") = "延迟渲染", "延迟渲染\延迟渲染.vcxproj", "{DAF6AB4C-13F7-4A8B-8807-DB205781663D}"
EndProject
Project("{8BC9CEB8-8B4A-11D0-8D11-00A0C91BC942}") = "SSAO", "SSAO\SSAO.vcxproj", "{268173A7-9DDD-4780-93F5-E6C0923575D6}"
EndProject
Project("{8BC9CEB8-8B4A-11D0-8D11-00A0C91BC942}") = "PBR", "PBR\PBR.vcxproj", "{0E497672-5AB5-4667-9676-9CE004AA2460}"
EndProject
Project("{8BC9CEB8-8B4A-11D0-8D11-00A0C91BC942}") = "文本渲染", "文本字体\文本字体.vcxproj", "{E6754E94-919E-4FA6-ACCC-4EB116E66227}"
EndProject
Global
	GlobalSection(SolutionConfigurationPlatforms) = preSolution
		Debug|x64 = Debug|x64
		Debug|x86 = Debug|x86
		Release|x64 = Release|x64
		Release|x86 = Release|x86
	EndGlobalSection
	GlobalSection(ProjectConfigurationPlatforms) = postSolution
		{8973F123-A5A0-431D-ADEC-EB3A27A66E2F}.Debug|x64.ActiveCfg = Debug|x64
		{8973F123-A5A0-431D-ADEC-EB3A27A66E2F}.Debug|x64.Build.0 = Debug|x64
		{8973F123-A5A0-431D-ADEC-EB3A27A66E2F}.Debug|x86.ActiveCfg = Debug|Win32
		{8973F123-A5A0-431D-ADEC-EB3A27A66E2F}.Debug|x86.Build.0 = Debug|Win32
		{8973F123-A5A0-431D-ADEC-EB3A27A66E2F}.Release|x64.ActiveCfg = Release|x64
		{8973F123-A5A0-431D-ADEC-EB3A27A66E2F}.Release|x64.Build.0 = Release|x64
		{8973F123-A5A0-431D-ADEC-EB3A27A66E2F}.Release|x86.ActiveCfg = Release|Win32
		{8973F123-A5A0-431D-ADEC-EB3A27A66E2F}.Release|x86.Build.0 = Release|Win32
		{654785C2-5B8B-4B2C-8FBC-625BBCF9CBAC}.Debug|x64.ActiveCfg = Debug|x64
		{654785C2-5B8B-4B2C-8FBC-625BBCF9CBAC}.Debug|x64.Build.0 = Debug|x64
		{654785C2-5B8B-4B2C-8FBC-625BBCF9CBAC}.Debug|x86.ActiveCfg = Debug|Win32
		{654785C2-5B8B-4B2C-8FBC-625BBCF9CBAC}.Debug|x86.Build.0 = Debug|Win32
		{654785C2-5B8B-4B2C-8FBC-625BBCF9CBAC}.Release|x64.ActiveCfg = Release|x64
		{654785C2-5B8B-4B2C-8FBC-625BBCF9CBAC}.Release|x64.Build.0 = Release|x64
		{654785C2-5B8B-4B2C-8FBC-625BBCF9CBAC}.Release|x86.ActiveCfg = Release|Win32
		{654785C2-5B8B-4B2C-8FBC-625BBCF9CBAC}.Release|x86.Build.0 = Release|Win32
		{28751476-43B3-40C3-B00F-01A80A843B72}.Debug|x64.ActiveCfg = Debug|x64
		{28751476-43B3-40C3-B00F-01A80A843B72}.Debug|x64.Build.0 = Debug|x64
		{28751476-43B3-40C3-B00F-01A80A843B72}.Debug|x86.ActiveCfg = Debug|Win32
		{28751476-43B3-40C3-B00F-01A80A843B72}.Debug|x86.Build.0 = Debug|Win32
		{28751476-43B3-40C3-B00F-01A80A843B72}.Release|x64.ActiveCfg = Release|x64
		{28751476-43B3-40C3-B00F-01A80A843B72}.Release|x64.Build.0 = Release|x64
		{28751476-43B3-40C3-B00F-01A80A843B72}.Release|x86.ActiveCfg = Release|Win32
		{28751476-43B3-40C3-B00F-01A80A843B72}.Release|x86.Build.0 = Release|Win32
		{6D2F61E3-DFA3-4317-A4C3-79DC466E5271}.Debug|x64.ActiveCfg = Debug|x64
		{6D2F61E3-DFA3-4317-A4C3-79DC466E5271}.Debug|x64.Build.0 = Debug|x64
		{6D2F61E3-DFA3-4317-A4C3-79DC466E5271}.Debug|x86.ActiveCfg = Debug|Win32
		{6D2F61E3-DFA3-4317-A4C3-79DC466E5271}.Debug|x86.Build.0 = Debug|Win32
		{6D2F61E3-DFA3-4317-A4C3-79DC466E5271}.Release|x64.ActiveCfg = Release|x64
		{6D2F61E3-DFA3-4317-A4C3-79DC466E5271}.Release|x64.Build.0 = Release|x64
		{6D2F61E3-DFA3-4317-A4C3-79DC466E5271}.Release|x86.ActiveCfg = Release|Win32
		{6D2F61E3-DFA3-4317-A4C3-79DC466E5271}.Release|x86.Build.0 = Release|Win32
		{CE5ADAC9-7D99-4E1B-96BC-313907FD73DF}.Debug|x64.ActiveCfg = Debug|x64
		{CE5ADAC9-7D99-4E1B-96BC-313907FD73DF}.Debug|x64.Build.0 = Debug|x64
		{CE5ADAC9-7D99-4E1B-96BC-313907FD73DF}.Debug|x86.ActiveCfg = Debug|Win32
		{CE5ADAC9-7D99-4E1B-96BC-313907FD73DF}.Debug|x86.Build.0 = Debug|Win32
		{CE5ADAC9-7D99-4E1B-96BC-313907FD73DF}.Release|x64.ActiveCfg = Release|x64
		{CE5ADAC9-7D99-4E1B-96BC-313907FD73DF}.Release|x64.Build.0 = Release|x64
		{CE5ADAC9-7D99-4E1B-96BC-313907FD73DF}.Release|x86.ActiveCfg = Release|Win32
		{CE5ADAC9-7D99-4E1B-96BC-313907FD73DF}.Release|x86.Build.0 = Release|Win32
		{6ADDB936-8322-4D25-8CE4-98F04E1EE26D}.Debug|x64.ActiveCfg = Debug|x64
		{6ADDB936-8322-4D25-8CE4-98F04E1EE26D}.Debug|x64.Build.0 = Debug|x64
		{6ADDB936-8322-4D25-8CE4-98F04E1EE26D}.Debug|x86.ActiveCfg = Debug|Win32
		{6ADDB936-8322-4D25-8CE4-98F04E1EE26D}.Debug|x86.Build.0 = Debug|Win32
		{6ADDB936-8322-4D25-8CE4-98F04E1EE26D}.Release|x64.ActiveCfg = Release|x64
		{6ADDB936-8322-4D25-8CE4-98F04E1EE26D}.Release|x64.Build.0 = Release|x64
		{6ADDB936-8322-4D25-8CE4-98F04E1EE26D}.Release|x86.ActiveCfg = Release|Win32
		{6ADDB936-8322-4D25-8CE4-98F04E1EE26D}.Release|x86.Build.0 = Release|Win32
		{523BC762-3D85-4D7B-B21A-ACA6BD5BBCFF}.Debug|x64.ActiveCfg = Debug|x64
		{523BC762-3D85-4D7B-B21A-ACA6BD5BBCFF}.Debug|x64.Build.0 = Debug|x64
		{523BC762-3D85-4D7B-B21A-ACA6BD5BBCFF}.Debug|x86.ActiveCfg = Debug|Win32
		{523BC762-3D85-4D7B-B21A-ACA6BD5BBCFF}.Debug|x86.Build.0 = Debug|Win32
		{523BC762-3D85-4D7B-B21A-ACA6BD5BBCFF}.Release|x64.ActiveCfg = Release|x64
		{523BC762-3D85-4D7B-B21A-ACA6BD5BBCFF}.Release|x64.Build.0 = Release|x64
		{523BC762-3D85-4D7B-B21A-ACA6BD5BBCFF}.Release|x86.ActiveCfg = Release|Win32
		{523BC762-3D85-4D7B-B21A-ACA6BD5BBCFF}.Release|x86.Build.0 = Release|Win32
		{41F004AB-1E03-40DB-8EA9-44ED30A20C77}.Debug|x64.ActiveCfg = Debug|x64
		{41F004AB-1E03-40DB-8EA9-44ED30A20C77}.Debug|x64.Build.0 = Debug|x64
		{41F004AB-1E03-40DB-8EA9-44ED30A20C77}.Debug|x86.ActiveCfg = Debug|Win32
		{41F004AB-1E03-40DB-8EA9-44ED30A20C77}.Debug|x86.Build.0 = Debug|Win32
		{41F004AB-1E03-40DB-8EA9-44ED30A20C77}.Release|x64.ActiveCfg = Release|x64
		{41F004AB-1E03-40DB-8EA9-44ED30A20C77}.Release|x64.Build.0 = Release|x64
		{41F004AB-1E03-40DB-8EA9-44ED30A20C77}.Release|x86.ActiveCfg = Release|Win32
		{41F004AB-1E03-40DB-8EA9-44ED30A20C77}.Release|x86.Build.0 = Release|Win32
		{9F5DE04F-50BE-431D-A705-D186C00F8AF0}.Debug|x64.ActiveCfg = Debug|x64
		{9F5DE04F-50BE-431D-A705-D186C00F8AF0}.Debug|x64.Build.0 = Debug|x64
		{9F5DE04F-50BE-431D-A705-D186C00F8AF0}.Debug|x86.ActiveCfg = Debug|Win32
		{9F5DE04F-50BE-431D-A705-D186C00F8AF0}.Debug|x86.Build.0 = Debug|Win32
		{9F5DE04F-50BE-431D-A705-D186C00F8AF0}.Release|x64.ActiveCfg = Release|x64
		{9F5DE04F-50BE-431D-A705-D186C00F8AF0}.Release|x64.Build.0 = Release|x64
		{9F5DE04F-50BE-431D-A705-D186C00F8AF0}.Release|x86.ActiveCfg = Release|Win32
		{9F5DE04F-50BE-431D-A705-D186C00F8AF0}.Release|x86.Build.0 = Release|Win32
		{10A70C73-B161-4312-B608-61B990A8D962}.Debug|x64.ActiveCfg = Debug|x64
		{10A70C73-B161-4312-B608-61B990A8D962}.Debug|x64.Build.0 = Debug|x64
		{10A70C73-B161-4312-B608-61B990A8D962}.Debug|x86.ActiveCfg = Debug|Win32
		{10A70C73-B161-4312-B608-61B990A8D962}.Debug|x86.Build.0 = Debug|Win32
		{10A70C73-B161-4312-B608-61B990A8D962}.Release|x64.ActiveCfg = Release|x64
		{10A70C73-B161-4312-B608-61B990A8D962}.Release|x64.Build.0 = Release|x64
		{10A70C73-B161-4312-B608-61B990A8D962}.Release|x86.ActiveCfg = Release|Win32
		{10A70C73-B161-4312-B608-61B990A8D962}.Release|x86.Build.0 = Release|Win32
		{63E00D8D-A5C0-421F-8DC1-BD06D47185CC}.Debug|x64.ActiveCfg = Debug|x64
		{63E00D8D-A5C0-421F-8DC1-BD06D47185CC}.Debug|x64.Build.0 = Debug|x64
		{63E00D8D-A5C0-421F-8DC1-BD06D47185CC}.Debug|x86.ActiveCfg = Debug|Win32
		{63E00D8D-A5C0-421F-8DC1-BD06D47185CC}.Debug|x86.Build.0 = Debug|Win32
		{63E00D8D-A5C0-421F-8DC1-BD06D47185CC}.Release|x64.ActiveCfg = Release|x64
		{63E00D8D-A5C0-421F-8DC1-BD06D47185CC}.Release|x64.Build.0 = Release|x64
		{63E00D8D-A5C0-421F-8DC1-BD06D47185CC}.Release|x86.ActiveCfg = Release|Win32
		{63E00D8D-A5C0-421F-8DC1-BD06D47185CC}.Release|x86.Build.0 = Release|Win32
		{B716D26F-26AB-46D8-88A8-4C97DA6CFE44}.Debug|x64.ActiveCfg = Debug|x64
		{B716D26F-26AB-46D8-88A8-4C97DA6CFE44}.Debug|x64.Build.0 = Debug|x64
		{B716D26F-26AB-46D8-88A8-4C97DA6CFE44}.Debug|x86.ActiveCfg = Debug|Win32
		{B716D26F-26AB-46D8-88A8-4C97DA6CFE44}.Debug|x86.Build.0 = Debug|Win32
		{B716D26F-26AB-46D8-88A8-4C97DA6CFE44}.Release|x64.ActiveCfg = Release|x64
		{B716D26F-26AB-46D8-88A8-4C97DA6CFE44}.Release|x64.Build.0 = Release|x64
		{B716D26F-26AB-46D8-88A8-4C97DA6CFE44}.Release|x86.ActiveCfg = Release|Win32
		{B716D26F-26AB-46D8-88A8-4C97DA6CFE44}.Release|x86.Build.0 = Release|Win32
		{DAF6AB4C-13F7-4A8B-8807-DB205781663D}.Debug|x64.ActiveCfg = Debug|x64
		{DAF6AB4C-13F7-4A8B-8807-DB205781663D}.Debug|x64.Build.0 = Debug|x64
		{DAF6AB4C-13F7-4A8B-8807-DB205781663D}.Debug|x86.ActiveCfg = Debug|Win32
		{DAF6AB4C-13F7-4A8B-8807-DB205781663D}.Debug|x86.Build.0 = Debug|Win32
		{DAF6AB4C-13F7-4A8B-8807-DB205781663D}.Release|x64.ActiveCfg = Release|x64
		{DAF6AB4C-13F7-4A8B-8807-DB205781663D}.Release|x64.Build.0 = Release|x64
		{DAF6AB4C-13F7-4A8B-8807-DB205781663D}.Release|x86.ActiveCfg = Release|Win32
		{DAF6AB4C-13F7-4A8B-8807-DB205781663D}.Release|x86.Build.0 = Release|Win32
		{268173A7-9DDD-4780-93F5-E6C0923575D6}.Debug|x64.ActiveCfg = Debug|x64
		{268173A7-9DDD-4780-93F5-E6C0923575D6}.Debug|x64.Build.0 = Debug|x64
		{268173A7-9DDD-4780-93F5-E6C0923575D6}.Debug|x86.ActiveCfg = Debug|Win32
		{268173A7-9DDD-4780-93F5-E6C0923575D6}.Debug|x86.Build.0 = Debug|Win32
		{268173A7-9DDD-4780-93F5-E6C0923575D6}.Release|x64.ActiveCfg = Release|x64
		{268173A7-9DDD-4780-93F5-E6C0923575D6}.Release|x64.Build.0 = Release|x64
		{268173A7-9DDD-4780-93F5-E6C0923575D6}.Release|x86.ActiveCfg = Release|Win32
		{268173A7-9DDD-4780-93F5-E6C0923575D6}.Release|x86.Build.0 = Release|Win32
		{0E497672-5AB5-4667-9676-9CE004AA2460}.Debug|x64.ActiveCfg = Debug|x64
		{0E497672-5AB5-4667-9676-9CE004AA2460}.Debug|x64.Build.0 = Debug|x64
		{0E497672-5AB5-4667-9676-9CE004AA2460}.Debug|x86.ActiveCfg = Debug|Win32
		{0E497672-5AB5-4667-9676-9CE004AA2460}.Debug|x86.Build.0 = Debug|Win32
		{0E497672-5AB5-4667-9676-9CE004AA2460}.Release|x64.ActiveCfg = Release|x64
		{0E497672-5AB5-4667-9676-9CE004AA2460}.Release|x64.Build.0 = Release|x64
		{0E497672-5AB5-4667-9676-9CE004AA2460}.Release|x86.ActiveCfg = Release|Win32
		{0E497672-5AB5-4667-9676-9CE004AA2460}.Release|x86.Build.0 = Release|Win32
		{E6754E94-919E-4FA6-ACCC-4EB116E66227}.Debug|x64.ActiveCfg = Debug|x64
		{E6754E94-919E-4FA6-ACCC-4EB116E66227}.Debug|x64.Build.0 = Debug|x64
		{E6754E94-919E-4FA6-ACCC-4EB116E66227}.Debug|x86.ActiveCfg = Debug|Win32
		{E6754E94-919E-4FA6-ACCC-4EB116E66227}.Debug|x86.Build.0 = Debug|Win32
		{E6754E94-919E-4FA6-ACCC-4EB116E66227}.Release|x64.ActiveCfg = Release|x64
		{E6754E94-919E-4FA6-ACCC-4EB116E66227}.Release|x64.Build.0 = Release|x64
		{E6754E94-919E-4FA6-ACCC-4EB116E66227}.Release|x86.ActiveCfg = Release|Win32
		{E6754E94-919E-4FA6-ACCC-4EB116E66227}.Release|x86.Build.0 = Release|Win32
	EndGlobalSection
	GlobalSection(SolutionProperties) = preSolution
		HideSolutionNode = FALSE
	EndGlobalSection
	GlobalSection(ExtensibilityGlobals) = postSolution
		SolutionGuid = {BA4C61E6-D1FF-4DE8-A149-966A33F6DB4A}
	EndGlobalSection
EndGlobal
